
Microsoft Visual Studio Solution File, Format Version 12.00
# Visual Studio Version 16
VisualStudioVersion = 16.0.31727.386
MinimumVisualStudioVersion = 10.0.40219.1
Project("{FAE04EC0-301F-11D3-BF4B-00C04F79EFBC}") = "Vista", "Vista\Vista.csproj", "{29E852F5-2DAE-4963-92BF-282EDE6ACEB5}"
EndProject
Project("{FAE04EC0-301F-11D3-BF4B-00C04F79EFBC}") = "Datos", "Datos\Datos.csproj", "{BB0996F6-7B58-4DC7-AC41-18E1270A803A}"
EndProject
Project("{FAE04EC0-301F-11D3-BF4B-00C04F79EFBC}") = "Entidades", "Entidades\Entidades.csproj", "{16325857-5888-443B-A65D-C940E5A80517}"
EndProject
Global
	GlobalSection(SolutionConfigurationPlatforms) = preSolution
		Debug|Any CPU = Debug|Any CPU
		Release|Any CPU = Release|Any CPU
	EndGlobalSection
	GlobalSection(ProjectConfigurationPlatforms) = postSolution
		{29E852F5-2DAE-4963-92BF-282EDE6ACEB5}.Debug|Any CPU.ActiveCfg = Debug|Any CPU
		{29E852F5-2DAE-4963-92BF-282EDE6ACEB5}.Debug|Any CPU.Build.0 = Debug|Any CPU
		{29E852F5-2DAE-4963-92BF-282EDE6ACEB5}.Release|Any CPU.ActiveCfg = Release|Any CPU
		{29E852F5-2DAE-4963-92BF-282EDE6ACEB5}.Release|Any CPU.Build.0 = Release|Any CPU
		{BB0996F6-7B58-4DC7-AC41-18E1270A803A}.Debug|Any CPU.ActiveCfg = Debug|Any CPU
		{BB0996F6-7B58-4DC7-AC41-18E1270A803A}.Debug|Any CPU.Build.0 = Debug|Any CPU
		{BB0996F6-7B58-4DC7-AC41-18E1270A803A}.Release|Any CPU.ActiveCfg = Release|Any CPU
		{BB0996F6-7B58-4DC7-AC41-18E1270A803A}.Release|Any CPU.Build.0 = Release|Any CPU
		{16325857-5888-443B-A65D-C940E5A80517}.Debug|Any CPU.ActiveCfg = Debug|Any CPU
		{16325857-5888-443B-A65D-C940E5A80517}.Debug|Any CPU.Build.0 = Debug|Any CPU
		{16325857-5888-443B-A65D-C940E5A80517}.Release|Any CPU.ActiveCfg = Release|Any CPU
		{16325857-5888-443B-A65D-C940E5A80517}.Release|Any CPU.Build.0 = Release|Any CPU
	EndGlobalSection
	GlobalSection(SolutionProperties) = preSolution
		HideSolutionNode = FALSE
	EndGlobalSection
	GlobalSection(ExtensibilityGlobals) = postSolution
		SolutionGuid = {F5F65611-2B85-407D-A1A6-49D59CBFDAE3}
	EndGlobalSection
EndGlobal
